// !$*UTF8*$!
{
	archiveVersion = 1;
	classes = {
	};
	objectVersion = 46;
	objects = {

/* Begin PBXBuildFile section */
		C075D71D1C5E0E81009F9044 /* AppDelegate.swift in Sources */ = {isa = PBXBuildFile; fileRef = C075D71C1C5E0E81009F9044 /* AppDelegate.swift */; };
		C075D71F1C5E0E81009F9044 /* ViewController.swift in Sources */ = {isa = PBXBuildFile; fileRef = C075D71E1C5E0E81009F9044 /* ViewController.swift */; };
		C075D7221C5E0E81009F9044 /* Main.storyboard in Resources */ = {isa = PBXBuildFile; fileRef = C075D7201C5E0E81009F9044 /* Main.storyboard */; };
		C075D7241C5E0E81009F9044 /* Assets.xcassets in Resources */ = {isa = PBXBuildFile; fileRef = C075D7231C5E0E81009F9044 /* Assets.xcassets */; };
		C075D7271C5E0E81009F9044 /* LaunchScreen.storyboard in Resources */ = {isa = PBXBuildFile; fileRef = C075D7251C5E0E81009F9044 /* LaunchScreen.storyboard */; };
/* End PBXBuildFile section */

/* Begin PBXFileReference section */
		C075D7191C5E0E81009F9044 /* SocketChat.app */ = {isa = PBXFileReference; explicitFileType = wrapper.application; includeInIndex = 0; path = SocketChat.app; sourceTree = BUILT_PRODUCTS_DIR; };
		C075D71C1C5E0E81009F9044 /* AppDelegate.swift */ = {isa = PBXFileReference; lastKnownFileType = sourcecode.swift; path = AppDelegate.swift; sourceTree = "<group>"; };
		C075D71E1C5E0E81009F9044 /* ViewController.swift */ = {isa = PBXFileReference; lastKnownFileType = sourcecode.swift; path = ViewController.swift; sourceTree = "<group>"; };
		C075D7211C5E0E81009F9044 /* Base */ = {isa = PBXFileReference; lastKnownFileType = file.storyboard; name = Base; path = Base.lproj/Main.storyboard; sourceTree = "<group>"; };
		C075D7231C5E0E81009F9044 /* Assets.xcassets */ = {isa = PBXFileReference; lastKnownFileType = folder.assetcatalog; path = Assets.xcassets; sourceTree = "<group>"; };
		C075D7261C5E0E81009F9044 /* Base */ = {isa = PBXFileReference; lastKnownFileType = file.storyboard; name = Base; path = Base.lproj/LaunchScreen.storyboard; sourceTree = "<group>"; };
		C075D7281C5E0E81009F9044 /* Info.plist */ = {isa = PBXFileReference; lastKnownFileType = text.plist.xml; path = Info.plist; sourceTree = "<group>"; };
/* End PBXFileReference section */

/* Begin PBXFrameworksBuildPhase section */
		C075D7161C5E0E81009F9044 /* Frameworks */ = {
			isa = PBXFrameworksBuildPhase;
			buildActionMask = 2147483647;
			files = (
			);
			runOnlyForDeploymentPostprocessing = 0;
		};
/* End PBXFrameworksBuildPhase section */

/* Begin PBXGroup section */
		C075D7101C5E0E81009F9044 = {
			isa = PBXGroup;
			children = (
				C075D71B1C5E0E81009F9044 /* SocketChat */,
				C075D71A1C5E0E81009F9044 /* Products */,
			);
			sourceTree = "<group>";
		};
		C075D71A1C5E0E81009F9044 /* Products */ = {
			isa = PBXGroup;
			children = (
				C075D7191C5E0E81009F9044 /* SocketChat.app */,
			);
			name = Products;
			sourceTree = "<group>";
		};
		C075D71B1C5E0E81009F9044 /* SocketChat */ = {
			isa = PBXGroup;
			children = (
				C075D71C1C5E0E81009F9044 /* AppDelegate.swift */,
				C075D71E1C5E0E81009F9044 /* ViewController.swift */,
				C075D7201C5E0E81009F9044 /* Main.storyboard */,
				C075D7231C5E0E81009F9044 /* Assets.xcassets */,
				C075D7251C5E0E81009F9044 /* LaunchScreen.storyboard */,
				C075D7281C5E0E81009F9044 /* Info.plist */,
			);
			path = SocketChat;
			sourceTree = "<group>";
		};
/* End PBXGroup section */

/* Begin PBXNativeTarget section */
		C075D7181C5E0E81009F9044 /* SocketChat */ = {
			isa = PBXNativeTarget;
			buildConfigurationList = C075D72B1C5E0E81009F9044 /* Build configuration list for PBXNativeTarget "SocketChat" */;
			buildPhases = (
				C075D7151C5E0E81009F9044 /* Sources */,
				C075D7161C5E0E81009F9044 /* Frameworks */,
				C075D7171C5E0E81009F9044 /* Resources */,
			);
			buildRules = (
			);
			dependencies = (
			);
			name = SocketChat;
			productName = SocketChat;
			productReference = C075D7191C5E0E81009F9044 /* SocketChat.app */;
			productType = "com.apple.product-type.application";
		};
/* End PBXNativeTarget section */

/* Begin PBXProject section */
		C075D7111C5E0E81009F9044 /* Project object */ = {
			isa = PBXProject;
			attributes = {
				LastSwiftUpdateCheck = 0720;
				LastUpgradeCheck = 0720;
				ORGANIZATIONNAME = AppCoda;
				TargetAttributes = {
					C075D7181C5E0E81009F9044 = {
						CreatedOnToolsVersion = 7.2;
					};
				};
			};
			buildConfigurationList = C075D7141C5E0E81009F9044 /* Build configuration list for PBXProject "SocketChat" */;
			compatibilityVersion = "Xcode 3.2";
			developmentRegion = English;
			hasScannedForEncodings = 0;
			knownRegions = (
				en,
				Base,
			);
			mainGroup = C075D7101C5E0E81009F9044;
			productRefGroup = C075D71A1C5E0E81009F9044 /* Products */;
			projectDirPath = "";
			projectRoot = "";
			targets = (
				C075D7181C5E0E81009F9044 /* SocketChat */,
			);
		};
/* End PBXProject section */

/* Begin PBXResourcesBuildPhase section */
		C075D7171C5E0E81009F9044 /* Resources */ = {
			isa = PBXResourcesBuildPhase;
			buildActionMask = 2147483647;
			files = (
				C075D7271C5E0E81009F9044 /* LaunchScreen.storyboard in Resources */,
				C075D7241C5E0E81009F9044 /* Assets.xcassets in Resources */,
				C075D7221C5E0E81009F9044 /* Main.storyboard in Resources */,
			);
			runOnlyForDeploymentPostprocessing = 0;
		};
/* End PBXResourcesBuildPhase section */

/* Begin PBXSourcesBuildPhase section */
		C075D7151C5E0E81009F9044 /* Sources */ = {
			isa = PBXSourcesBuildPhase;
			buildActionMask = 2147483647;
			files = (
				C075D71F1C5E0E81009F9044 /* ViewController.swift in Sources */,
				C075D71D1C5E0E81009F9044 /* AppDelegate.swift in Sources */,
			);
			runOnlyForDeploymentPostprocessing = 0;
		};
/* End PBXSourcesBuildPhase section */

/* Begin PBXVariantGroup section */
		C075D7201C5E0E81009F9044 /* Main.storyboard */ = {
			isa = PBXVariantGroup;
			children = (
				C075D7211C5E0E81009F9044 /* Base */,
			);
			name = Main.storyboard;
			sourceTree = "<group>";
		};
		C075D7251C5E0E81009F9044 /* LaunchScreen.storyboard */ = {
			isa = PBXVariantGroup;
			children = (
				C075D7261C5E0E81009F9044 /* Base */,
			);
			name = LaunchScreen.storyboard;
			sourceTree = "<group>";
		};
/* End PBXVariantGroup section */

/* Begin XCBuildConfiguration section */
		C075D7291C5E0E81009F9044 /* Debug */ = {
			isa = XCBuildConfiguration;
			buildSettings = {
				ALWAYS_SEARCH_USER_PATHS = NO;
				CLANG_CXX_LANGUAGE_STANDARD = "gnu++0x";
				CLANG_CXX_LIBRARY = "libc++";
				CLANG_ENABLE_MODULES = YES;
				CLANG_ENABLE_OBJC_ARC = YES;
				CLANG_WARN_BOOL_CONVERSION = YES;
				CLANG_WARN_CONSTANT_CONVERSION = YES;
				CLANG_WARN_DIRECT_OBJC_ISA_USAGE = YES_ERROR;
				CLANG_WARN_EMPTY_BODY = YES;
				CLANG_WARN_ENUM_CONVERSION = YES;
				CLANG_WARN_INT_CONVERSION = YES;
				CLANG_WARN_OBJC_ROOT_CLASS = YES_ERROR;
				CLANG_WARN_UNREACHABLE_CODE = YES;
				CLANG_WARN__DUPLICATE_METHOD_MATCH = YES;
				"CODE_SIGN_IDENTITY[sdk=iphoneos*]" = "iPhone Developer";
				COPY_PHASE_STRIP = NO;
				DEBUG_INFORMATION_FORMAT = dwarf;
				ENABLE_STRICT_OBJC_MSGSEND = YES;
				ENABLE_TESTABILITY = YES;
				GCC_C_LANGUAGE_STANDARD = gnu99;
				GCC_DYNAMIC_NO_PIC = NO;
				GCC_NO_COMMON_BLOCKS = YES;
				GCC_OPTIMIZATION_LEVEL = 0;
				GCC_PREPROCESSOR_DEFINITIONS = (
					"DEBUG=1",
					"$(inherited)",
				);
				GCC_WARN_64_TO_32_BIT_CONVERSION = YES;
				GCC_WARN_ABOUT_RETURN_TYPE = YES_ERROR;
				GCC_WARN_UNDECLARED_SELECTOR = YES;
				GCC_WARN_UNINITIALIZED_AUTOS = YES_AGGRESSIVE;
				GCC_WARN_UNUSED_FUNCTION = YES;
				GCC_WARN_UNUSED_VARIABLE = YES;
				IPHONEOS_DEPLOYMENT_TARGET = 9.2;
				MTL_ENABLE_DEBUG_INFO = YES;
				ONLY_ACTIVE_ARCH = YES;
				SDKROOT = iphoneos;
				SWIFT_OPTIMIZATION_LEVEL = "-Onone";
				TARGETED_DEVICE_FAMILY = "1,2";
			};
			name = Debug;
		};
		C075D72A1C5E0E81009F9044 /* Release */ = {
			isa = XCBuildConfiguration;
			buildSettings = {
				ALWAYS_SEARCH_USER_PATHS = NO;
				CLANG_CXX_LANGUAGE_STANDARD = "gnu++0x";
				CLANG_CXX_LIBRARY = "libc++";
				CLANG_ENABLE_MODULES = YES;
				CLANG_ENABLE_OBJC_ARC = YES;
				CLANG_WARN_BOOL_CONVERSION = YES;
				CLANG_WARN_CONSTANT_CONVERSION = YES;
				CLANG_WARN_DIRECT_OBJC_ISA_USAGE = YES_ERROR;
				CLANG_WARN_EMPTY_BODY = YES;
				CLANG_WARN_ENUM_CONVERSION = YES;
				CLANG_WARN_INT_CONVERSION = YES;
				CLANG_WARN_OBJC_ROOT_CLASS = YES_ERROR;
				CLANG_WARN_UNREACHABLE_CODE = YES;
				CLANG_WARN__DUPLICATE_METHOD_MATCH = YES;
				"CODE_SIGN_IDENTITY[sdk=iphoneos*]" = "iPhone Developer";
				COPY_PHASE_STRIP = NO;
				DEBUG_INFORMATION_FORMAT = "dwarf-with-dsym";
				ENABLE_NS_ASSERTIONS = NO;
				ENABLE_STRICT_OBJC_MSGSEND = YES;
				GCC_C_LANGUAGE_STANDARD = gnu99;
				GCC_NO_COMMON_BLOCKS = YES;
				GCC_WARN_64_TO_32_BIT_CONVERSION = YES;
				GCC_WARN_ABOUT_RETURN_TYPE = YES_ERROR;
				GCC_WARN_UNDECLARED_SELECTOR = YES;
				GCC_WARN_UNINITIALIZED_AUTOS = YES_AGGRESSIVE;
				GCC_WARN_UNUSED_FUNCTION = YES;
				GCC_WARN_UNUSED_VARIABLE = YES;
				IPHONEOS_DEPLOYMENT_TARGET = 9.2;
				MTL_ENABLE_DEBUG_INFO = NO;
				SDKROOT = iphoneos;
				TARGETED_DEVICE_FAMILY = "1,2";
				VALIDATE_PRODUCT = YES;
			};
			name = Release;
		};
		C075D72C1C5E0E81009F9044 /* Debug */ = {
			isa = XCBuildConfiguration;
			buildSettings = {
				ASSETCATALOG_COMPILER_APPICON_NAME = AppIcon;
				INFOPLIST_FILE = SocketChat/Info.plist;
				LD_RUNPATH_SEARCH_PATHS = "$(inherited) @executable_path/Frameworks";
				PRODUCT_BUNDLE_IDENTIFIER = com.appcoda.SocketChat;
				PRODUCT_NAME = "$(TARGET_NAME)";
			};
			name = Debug;
		};
		C075D72D1C5E0E81009F9044 /* Release */ = {
			isa = XCBuildConfiguration;
			buildSettings = {
				ASSETCATALOG_COMPILER_APPICON_NAME = AppIcon;
				INFOPLIST_FILE = SocketChat/Info.plist;
				LD_RUNPATH_SEARCH_PATHS = "$(inherited) @executable_path/Frameworks";
				PRODUCT_BUNDLE_IDENTIFIER = com.appcoda.SocketChat;
				PRODUCT_NAME = "$(TARGET_NAME)";
			};
			name = Release;
		};
/* End XCBuildConfiguration section */

/* Begin XCConfigurationList section */
		C075D7141C5E0E81009F9044 /* Build configuration list for PBXProject "SocketChat" */ = {
			isa = XCConfigurationList;
			buildConfigurations = (
				C075D7291C5E0E81009F9044 /* Debug */,
				C075D72A1C5E0E81009F9044 /* Release */,
			);
			defaultConfigurationIsVisible = 0;
			defaultConfigurationName = Release;
		};
		C075D72B1C5E0E81009F9044 /* Build configuration list for PBXNativeTarget "SocketChat" */ = {
			isa = XCConfigurationList;
			buildConfigurations = (
				C075D72C1C5E0E81009F9044 /* Debug */,
				C075D72D1C5E0E81009F9044 /* Release */,
			);
			defaultConfigurationIsVisible = 0;
		};
/* End XCConfigurationList section */
	};
	rootObject = C075D7111C5E0E81009F9044 /* Project object */;
}
